
Microsoft Visual Studio Solution File, Format Version 12.00
# Visual Studio Version 16
VisualStudioVersion = 16.0.29521.150
MinimumVisualStudioVersion = 10.0.40219.1
Project("{8BC9CEB8-8B4A-11D0-8D11-00A0C91BC942}") = "Day2_inline_function", "Day2_inline_function.vcxproj", "{14FFDBEF-996C-429A-92A2-BB502DA7010F}"
EndProject
Global
	GlobalSection(SolutionConfigurationPlatforms) = preSolution
		Debug|x64 = Debug|x64
		Debug|x86 = Debug|x86
		Release|x64 = Release|x64
		Release|x86 = Release|x86
	EndGlobalSection
	GlobalSection(ProjectConfigurationPlatforms) = postSolution
		{14FFDBEF-996C-429A-92A2-BB502DA7010F}.Debug|x64.ActiveCfg = Debug|x64
		{14FFDBEF-996C-429A-92A2-BB502DA7010F}.Debug|x64.Build.0 = Debug|x64
		{14FFDBEF-996C-429A-92A2-BB502DA7010F}.Debug|x86.ActiveCfg = Debug|Win32
		{14FFDBEF-996C-429A-92A2-BB502DA7010F}.Debug|x86.Build.0 = Debug|Win32
		{14FFDBEF-996C-429A-92A2-BB502DA7010F}.Release|x64.ActiveCfg = Release|x64
		{14FFDBEF-996C-429A-92A2-BB502DA7010F}.Release|x64.Build.0 = Release|x64
		{14FFDBEF-996C-429A-92A2-BB502DA7010F}.Release|x86.ActiveCfg = Release|Win32
		{14FFDBEF-996C-429A-92A2-BB502DA7010F}.Release|x86.Build.0 = Release|Win32
	EndGlobalSection
	GlobalSection(SolutionProperties) = preSolution
		HideSolutionNode = FALSE
	EndGlobalSection
	GlobalSection(ExtensibilityGlobals) = postSolution
		SolutionGuid = {8FC9E9ED-CD07-4963-B52D-59747CFFC507}
	EndGlobalSection
EndGlobal
